
Microsoft Visual Studio Solution File, Format Version 12.00
# Visual Studio Version 17
VisualStudioVersion = 17.11.35312.102
MinimumVisualStudioVersion = 10.0.40219.1
Project("{9A19103F-16F7-4668-BE54-9A1E7A4F7556}") = "BookShopWeb", "BookShopWeb\BookShopWeb.csproj", "{F108E15A-4237-4835-B89D-F7CB81DC3EF8}"
EndProject
Project("{FAE04EC0-301F-11D3-BF4B-00C04F79EFBC}") = "BookShop.DataAccess", "BookShop.DataAccess\BookShop.DataAccess.csproj", "{7640C97E-76D8-43F2-9AD1-D583B5782E26}"
EndProject
Project("{FAE04EC0-301F-11D3-BF4B-00C04F79EFBC}") = "BookShop.Models", "BookShop.Models\BookShop.Models.csproj", "{F3CBA8C7-B211-4604-B0AB-4E369307797E}"
EndProject
Project("{FAE04EC0-301F-11D3-BF4B-00C04F79EFBC}") = "BookShop.Utility", "BookShop.Utility\BookShop.Utility.csproj", "{387083F5-0FE4-4C19-8392-80A8AEFFFFB7}"
EndProject
Global
	GlobalSection(SolutionConfigurationPlatforms) = preSolution
		Debug|Any CPU = Debug|Any CPU
		Release|Any CPU = Release|Any CPU
	EndGlobalSection
	GlobalSection(ProjectConfigurationPlatforms) = postSolution
		{F108E15A-4237-4835-B89D-F7CB81DC3EF8}.Debug|Any CPU.ActiveCfg = Debug|Any CPU
		{F108E15A-4237-4835-B89D-F7CB81DC3EF8}.Debug|Any CPU.Build.0 = Debug|Any CPU
		{F108E15A-4237-4835-B89D-F7CB81DC3EF8}.Release|Any CPU.ActiveCfg = Release|Any CPU
		{F108E15A-4237-4835-B89D-F7CB81DC3EF8}.Release|Any CPU.Build.0 = Release|Any CPU
		{7640C97E-76D8-43F2-9AD1-D583B5782E26}.Debug|Any CPU.ActiveCfg = Debug|Any CPU
		{7640C97E-76D8-43F2-9AD1-D583B5782E26}.Debug|Any CPU.Build.0 = Debug|Any CPU
		{7640C97E-76D8-43F2-9AD1-D583B5782E26}.Release|Any CPU.ActiveCfg = Release|Any CPU
		{7640C97E-76D8-43F2-9AD1-D583B5782E26}.Release|Any CPU.Build.0 = Release|Any CPU
		{F3CBA8C7-B211-4604-B0AB-4E369307797E}.Debug|Any CPU.ActiveCfg = Debug|Any CPU
		{F3CBA8C7-B211-4604-B0AB-4E369307797E}.Debug|Any CPU.Build.0 = Debug|Any CPU
		{F3CBA8C7-B211-4604-B0AB-4E369307797E}.Release|Any CPU.ActiveCfg = Release|Any CPU
		{F3CBA8C7-B211-4604-B0AB-4E369307797E}.Release|Any CPU.Build.0 = Release|Any CPU
		{387083F5-0FE4-4C19-8392-80A8AEFFFFB7}.Debug|Any CPU.ActiveCfg = Debug|Any CPU
		{387083F5-0FE4-4C19-8392-80A8AEFFFFB7}.Debug|Any CPU.Build.0 = Debug|Any CPU
		{387083F5-0FE4-4C19-8392-80A8AEFFFFB7}.Release|Any CPU.ActiveCfg = Release|Any CPU
		{387083F5-0FE4-4C19-8392-80A8AEFFFFB7}.Release|Any CPU.Build.0 = Release|Any CPU
	EndGlobalSection
	GlobalSection(SolutionProperties) = preSolution
		HideSolutionNode = FALSE
	EndGlobalSection
	GlobalSection(ExtensibilityGlobals) = postSolution
		SolutionGuid = {E9BC942D-BDE9-47DB-A2B4-AC1091BE8B1C}
	EndGlobalSection
EndGlobal
